
Microsoft Visual Studio Solution File, Format Version 12.00
# Visual Studio 15
VisualStudioVersion = 15.0.28307.168
MinimumVisualStudioVersion = 10.0.40219.1
Project("{FAE04EC0-301F-11D3-BF4B-00C04F79EFBC}") = "SimpleRandAudio", "SimpleRandAudio\SimpleRandAudio.csproj", "{C017674C-EAC8-4B52-A9DF-41A3A5EA9886}"
EndProject
Global
	GlobalSection(SolutionConfigurationPlatforms) = preSolution
		Debug|x64 = Debug|x64
		Release|x64 = Release|x64
	EndGlobalSection
	GlobalSection(ProjectConfigurationPlatforms) = postSolution
		{C017674C-EAC8-4B52-A9DF-41A3A5EA9886}.Debug|x64.ActiveCfg = Debug|x64
		{C017674C-EAC8-4B52-A9DF-41A3A5EA9886}.Debug|x64.Build.0 = Debug|x64
		{C017674C-EAC8-4B52-A9DF-41A3A5EA9886}.Release|x64.ActiveCfg = Release|x64
		{C017674C-EAC8-4B52-A9DF-41A3A5EA9886}.Release|x64.Build.0 = Release|x64
	EndGlobalSection
	GlobalSection(SolutionProperties) = preSolution
		HideSolutionNode = FALSE
	EndGlobalSection
	GlobalSection(ExtensibilityGlobals) = postSolution
		SolutionGuid = {573081C9-C539-4410-AFFA-001FB136AF1C}
	EndGlobalSection
EndGlobal
